
Microsoft Visual Studio Solution File, Format Version 12.00
# Visual Studio Version 17
VisualStudioVersion = 17.6.33723.286
MinimumVisualStudioVersion = 10.0.40219.1
Project("{FAE04EC0-301F-11D3-BF4B-00C04F79EFBC}") = "FastFood.UWP", "FastFood\FastFood.UWP\FastFood.UWP.csproj", "{5FFCCED2-899B-45D9-AD14-3CF2E7B010A7}"
EndProject
Project("{FAE04EC0-301F-11D3-BF4B-00C04F79EFBC}") = "FastFood.Android", "FastFood\FastFood.Android\FastFood.Android.csproj", "{B0548051-1CF2-43E7-8B9C-DA1B9F1D1D03}"
EndProject
Project("{FAE04EC0-301F-11D3-BF4B-00C04F79EFBC}") = "FastFood.iOS", "FastFood\FastFood.iOS\FastFood.iOS.csproj", "{46D682BF-C227-4BB2-8C25-EABD43542E13}"
EndProject
Project("{9A19103F-16F7-4668-BE54-9A1E7A4F7556}") = "FastFood", "FastFood\FastFood\FastFood.csproj", "{DF7C63AB-8CB0-4A89-A7F6-F5B90FA078C9}"
EndProject
Global
	GlobalSection(SolutionConfigurationPlatforms) = preSolution
		Debug|Any CPU = Debug|Any CPU
		Debug|ARM = Debug|ARM
		Debug|iPhone = Debug|iPhone
		Debug|iPhoneSimulator = Debug|iPhoneSimulator
		Debug|x64 = Debug|x64
		Debug|x86 = Debug|x86
		Release|Any CPU = Release|Any CPU
		Release|ARM = Release|ARM
		Release|iPhone = Release|iPhone
		Release|iPhoneSimulator = Release|iPhoneSimulator
		Release|x64 = Release|x64
		Release|x86 = Release|x86
	EndGlobalSection
	GlobalSection(ProjectConfigurationPlatforms) = postSolution
		{5FFCCED2-899B-45D9-AD14-3CF2E7B010A7}.Debug|Any CPU.ActiveCfg = Debug|x64
		{5FFCCED2-899B-45D9-AD14-3CF2E7B010A7}.Debug|Any CPU.Build.0 = Debug|x64
		{5FFCCED2-899B-45D9-AD14-3CF2E7B010A7}.Debug|Any CPU.Deploy.0 = Debug|x64
		{5FFCCED2-899B-45D9-AD14-3CF2E7B010A7}.Debug|ARM.ActiveCfg = Debug|ARM
		{5FFCCED2-899B-45D9-AD14-3CF2E7B010A7}.Debug|ARM.Build.0 = Debug|ARM
		{5FFCCED2-899B-45D9-AD14-3CF2E7B010A7}.Debug|ARM.Deploy.0 = Debug|ARM
		{5FFCCED2-899B-45D9-AD14-3CF2E7B010A7}.Debug|iPhone.ActiveCfg = Debug|x64
		{5FFCCED2-899B-45D9-AD14-3CF2E7B010A7}.Debug|iPhone.Build.0 = Debug|x64
		{5FFCCED2-899B-45D9-AD14-3CF2E7B010A7}.Debug|iPhone.Deploy.0 = Debug|x64
		{5FFCCED2-899B-45D9-AD14-3CF2E7B010A7}.Debug|iPhoneSimulator.ActiveCfg = Debug|x64
		{5FFCCED2-899B-45D9-AD14-3CF2E7B010A7}.Debug|iPhoneSimulator.Build.0 = Debug|x64
		{5FFCCED2-899B-45D9-AD14-3CF2E7B010A7}.Debug|iPhoneSimulator.Deploy.0 = Debug|x64
		{5FFCCED2-899B-45D9-AD14-3CF2E7B010A7}.Debug|x64.ActiveCfg = Debug|x64
		{5FFCCED2-899B-45D9-AD14-3CF2E7B010A7}.Debug|x64.Build.0 = Debug|x64
		{5FFCCED2-899B-45D9-AD14-3CF2E7B010A7}.Debug|x64.Deploy.0 = Debug|x64
		{5FFCCED2-899B-45D9-AD14-3CF2E7B010A7}.Debug|x86.ActiveCfg = Debug|x86
		{5FFCCED2-899B-45D9-AD14-3CF2E7B010A7}.Debug|x86.Build.0 = Debug|x86
		{5FFCCED2-899B-45D9-AD14-3CF2E7B010A7}.Debug|x86.Deploy.0 = Debug|x86
		{5FFCCED2-899B-45D9-AD14-3CF2E7B010A7}.Release|Any CPU.ActiveCfg = Release|x64
		{5FFCCED2-899B-45D9-AD14-3CF2E7B010A7}.Release|Any CPU.Build.0 = Release|x64
		{5FFCCED2-899B-45D9-AD14-3CF2E7B010A7}.Release|Any CPU.Deploy.0 = Release|x64
		{5FFCCED2-899B-45D9-AD14-3CF2E7B010A7}.Release|ARM.ActiveCfg = Release|ARM
		{5FFCCED2-899B-45D9-AD14-3CF2E7B010A7}.Release|ARM.Build.0 = Release|ARM
		{5FFCCED2-899B-45D9-AD14-3CF2E7B010A7}.Release|ARM.Deploy.0 = Release|ARM
		{5FFCCED2-899B-45D9-AD14-3CF2E7B010A7}.Release|iPhone.ActiveCfg = Release|x64
		{5FFCCED2-899B-45D9-AD14-3CF2E7B010A7}.Release|iPhone.Build.0 = Release|x64
		{5FFCCED2-899B-45D9-AD14-3CF2E7B010A7}.Release|iPhone.Deploy.0 = Release|x64
		{5FFCCED2-899B-45D9-AD14-3CF2E7B010A7}.Release|iPhoneSimulator.ActiveCfg = Release|x64
		{5FFCCED2-899B-45D9-AD14-3CF2E7B010A7}.Release|iPhoneSimulator.Build.0 = Release|x64
		{5FFCCED2-899B-45D9-AD14-3CF2E7B010A7}.Release|iPhoneSimulator.Deploy.0 = Release|x64
		{5FFCCED2-899B-45D9-AD14-3CF2E7B010A7}.Release|x64.ActiveCfg = Release|x64
		{5FFCCED2-899B-45D9-AD14-3CF2E7B010A7}.Release|x64.Build.0 = Release|x64
		{5FFCCED2-899B-45D9-AD14-3CF2E7B010A7}.Release|x64.Deploy.0 = Release|x64
		{5FFCCED2-899B-45D9-AD14-3CF2E7B010A7}.Release|x86.ActiveCfg = Release|x86
		{5FFCCED2-899B-45D9-AD14-3CF2E7B010A7}.Release|x86.Build.0 = Release|x86
		{5FFCCED2-899B-45D9-AD14-3CF2E7B010A7}.Release|x86.Deploy.0 = Release|x86
		{B0548051-1CF2-43E7-8B9C-DA1B9F1D1D03}.Debug|Any CPU.ActiveCfg = Debug|Any CPU
		{B0548051-1CF2-43E7-8B9C-DA1B9F1D1D03}.Debug|Any CPU.Build.0 = Debug|Any CPU
		{B0548051-1CF2-43E7-8B9C-DA1B9F1D1D03}.Debug|Any CPU.Deploy.0 = Debug|Any CPU
		{B0548051-1CF2-43E7-8B9C-DA1B9F1D1D03}.Debug|ARM.ActiveCfg = Debug|Any CPU
		{B0548051-1CF2-43E7-8B9C-DA1B9F1D1D03}.Debug|ARM.Build.0 = Debug|Any CPU
		{B0548051-1CF2-43E7-8B9C-DA1B9F1D1D03}.Debug|ARM.Deploy.0 = Debug|Any CPU
		{B0548051-1CF2-43E7-8B9C-DA1B9F1D1D03}.Debug|iPhone.ActiveCfg = Debug|Any CPU
		{B0548051-1CF2-43E7-8B9C-DA1B9F1D1D03}.Debug|iPhone.Build.0 = Debug|Any CPU
		{B0548051-1CF2-43E7-8B9C-DA1B9F1D1D03}.Debug|iPhone.Deploy.0 = Debug|Any CPU
		{B0548051-1CF2-43E7-8B9C-DA1B9F1D1D03}.Debug|iPhoneSimulator.ActiveCfg = Debug|Any CPU
		{B0548051-1CF2-43E7-8B9C-DA1B9F1D1D03}.Debug|iPhoneSimulator.Build.0 = Debug|Any CPU
		{B0548051-1CF2-43E7-8B9C-DA1B9F1D1D03}.Debug|iPhoneSimulator.Deploy.0 = Debug|Any CPU
		{B0548051-1CF2-43E7-8B9C-DA1B9F1D1D03}.Debug|x64.ActiveCfg = Debug|Any CPU
		{B0548051-1CF2-43E7-8B9C-DA1B9F1D1D03}.Debug|x64.Build.0 = Debug|Any CPU
		{B0548051-1CF2-43E7-8B9C-DA1B9F1D1D03}.Debug|x64.Deploy.0 = Debug|Any CPU
		{B0548051-1CF2-43E7-8B9C-DA1B9F1D1D03}.Debug|x86.ActiveCfg = Debug|Any CPU
		{B0548051-1CF2-43E7-8B9C-DA1B9F1D1D03}.Debug|x86.Build.0 = Debug|Any CPU
		{B0548051-1CF2-43E7-8B9C-DA1B9F1D1D03}.Debug|x86.Deploy.0 = Debug|Any CPU
		{B0548051-1CF2-43E7-8B9C-DA1B9F1D1D03}.Release|Any CPU.ActiveCfg = Release|Any CPU
		{B0548051-1CF2-43E7-8B9C-DA1B9F1D1D03}.Release|Any CPU.Build.0 = Release|Any CPU
		{B0548051-1CF2-43E7-8B9C-DA1B9F1D1D03}.Release|Any CPU.Deploy.0 = Release|Any CPU
		{B0548051-1CF2-43E7-8B9C-DA1B9F1D1D03}.Release|ARM.ActiveCfg = Release|Any CPU
		{B0548051-1CF2-43E7-8B9C-DA1B9F1D1D03}.Release|ARM.Build.0 = Release|Any CPU
		{B0548051-1CF2-43E7-8B9C-DA1B9F1D1D03}.Release|ARM.Deploy.0 = Release|Any CPU
		{B0548051-1CF2-43E7-8B9C-DA1B9F1D1D03}.Release|iPhone.ActiveCfg = Release|Any CPU
		{B0548051-1CF2-43E7-8B9C-DA1B9F1D1D03}.Release|iPhone.Build.0 = Release|Any CPU
		{B0548051-1CF2-43E7-8B9C-DA1B9F1D1D03}.Release|iPhone.Deploy.0 = Release|Any CPU
		{B0548051-1CF2-43E7-8B9C-DA1B9F1D1D03}.Release|iPhoneSimulator.ActiveCfg = Release|Any CPU
		{B0548051-1CF2-43E7-8B9C-DA1B9F1D1D03}.Release|iPhoneSimulator.Build.0 = Release|Any CPU
		{B0548051-1CF2-43E7-8B9C-DA1B9F1D1D03}.Release|iPhoneSimulator.Deploy.0 = Release|Any CPU
		{B0548051-1CF2-43E7-8B9C-DA1B9F1D1D03}.Release|x64.ActiveCfg = Release|Any CPU
		{B0548051-1CF2-43E7-8B9C-DA1B9F1D1D03}.Release|x64.Build.0 = Release|Any CPU
		{B0548051-1CF2-43E7-8B9C-DA1B9F1D1D03}.Release|x64.Deploy.0 = Release|Any CPU
		{B0548051-1CF2-43E7-8B9C-DA1B9F1D1D03}.Release|x86.ActiveCfg = Release|Any CPU
		{B0548051-1CF2-43E7-8B9C-DA1B9F1D1D03}.Release|x86.Build.0 = Release|Any CPU
		{B0548051-1CF2-43E7-8B9C-DA1B9F1D1D03}.Release|x86.Deploy.0 = Release|Any CPU
		{46D682BF-C227-4BB2-8C25-EABD43542E13}.Debug|Any CPU.ActiveCfg = Debug|iPhoneSimulator
		{46D682BF-C227-4BB2-8C25-EABD43542E13}.Debug|Any CPU.Build.0 = Debug|iPhoneSimulator
		{46D682BF-C227-4BB2-8C25-EABD43542E13}.Debug|Any CPU.Deploy.0 = Debug|iPhoneSimulator
		{46D682BF-C227-4BB2-8C25-EABD43542E13}.Debug|ARM.ActiveCfg = Debug|iPhoneSimulator
		{46D682BF-C227-4BB2-8C25-EABD43542E13}.Debug|ARM.Build.0 = Debug|iPhoneSimulator
		{46D682BF-C227-4BB2-8C25-EABD43542E13}.Debug|ARM.Deploy.0 = Debug|iPhoneSimulator
		{46D682BF-C227-4BB2-8C25-EABD43542E13}.Debug|iPhone.ActiveCfg = Debug|iPhone
		{46D682BF-C227-4BB2-8C25-EABD43542E13}.Debug|iPhone.Build.0 = Debug|iPhone
		{46D682BF-C227-4BB2-8C25-EABD43542E13}.Debug|iPhone.Deploy.0 = Debug|iPhone
		{46D682BF-C227-4BB2-8C25-EABD43542E13}.Debug|iPhoneSimulator.ActiveCfg = Debug|iPhoneSimulator
		{46D682BF-C227-4BB2-8C25-EABD43542E13}.Debug|iPhoneSimulator.Build.0 = Debug|iPhoneSimulator
		{46D682BF-C227-4BB2-8C25-EABD43542E13}.Debug|iPhoneSimulator.Deploy.0 = Debug|iPhoneSimulator
		{46D682BF-C227-4BB2-8C25-EABD43542E13}.Debug|x64.ActiveCfg = Debug|iPhone
		{46D682BF-C227-4BB2-8C25-EABD43542E13}.Debug|x64.Build.0 = Debug|iPhone
		{46D682BF-C227-4BB2-8C25-EABD43542E13}.Debug|x64.Deploy.0 = Debug|iPhone
		{46D682BF-C227-4BB2-8C25-EABD43542E13}.Debug|x86.ActiveCfg = Debug|iPhoneSimulator
		{46D682BF-C227-4BB2-8C25-EABD43542E13}.Debug|x86.Build.0 = Debug|iPhoneSimulator
		{46D682BF-C227-4BB2-8C25-EABD43542E13}.Debug|x86.Deploy.0 = Debug|iPhoneSimulator
		{46D682BF-C227-4BB2-8C25-EABD43542E13}.Release|Any CPU.ActiveCfg = Release|iPhoneSimulator
		{46D682BF-C227-4BB2-8C25-EABD43542E13}.Release|Any CPU.Build.0 = Release|iPhoneSimulator
		{46D682BF-C227-4BB2-8C25-EABD43542E13}.Release|Any CPU.Deploy.0 = Release|iPhoneSimulator
		{46D682BF-C227-4BB2-8C25-EABD43542E13}.Release|ARM.ActiveCfg = Release|iPhoneSimulator
		{46D682BF-C227-4BB2-8C25-EABD43542E13}.Release|ARM.Build.0 = Release|iPhoneSimulator
		{46D682BF-C227-4BB2-8C25-EABD43542E13}.Release|ARM.Deploy.0 = Release|iPhoneSimulator
		{46D682BF-C227-4BB2-8C25-EABD43542E13}.Release|iPhone.ActiveCfg = Release|iPhone
		{46D682BF-C227-4BB2-8C25-EABD43542E13}.Release|iPhone.Build.0 = Release|iPhone
		{46D682BF-C227-4BB2-8C25-EABD43542E13}.Release|iPhone.Deploy.0 = Release|iPhone
		{46D682BF-C227-4BB2-8C25-EABD43542E13}.Release|iPhoneSimulator.ActiveCfg = Release|iPhoneSimulator
		{46D682BF-C227-4BB2-8C25-EABD43542E13}.Release|iPhoneSimulator.Build.0 = Release|iPhoneSimulator
		{46D682BF-C227-4BB2-8C25-EABD43542E13}.Release|iPhoneSimulator.Deploy.0 = Release|iPhoneSimulator
		{46D682BF-C227-4BB2-8C25-EABD43542E13}.Release|x64.ActiveCfg = Release|iPhoneSimulator
		{46D682BF-C227-4BB2-8C25-EABD43542E13}.Release|x64.Build.0 = Release|iPhoneSimulator
		{46D682BF-C227-4BB2-8C25-EABD43542E13}.Release|x64.Deploy.0 = Release|iPhoneSimulator
		{46D682BF-C227-4BB2-8C25-EABD43542E13}.Release|x86.ActiveCfg = Release|iPhoneSimulator
		{46D682BF-C227-4BB2-8C25-EABD43542E13}.Release|x86.Build.0 = Release|iPhoneSimulator
		{46D682BF-C227-4BB2-8C25-EABD43542E13}.Release|x86.Deploy.0 = Release|iPhoneSimulator
		{DF7C63AB-8CB0-4A89-A7F6-F5B90FA078C9}.Debug|Any CPU.ActiveCfg = Debug|Any CPU
		{DF7C63AB-8CB0-4A89-A7F6-F5B90FA078C9}.Debug|Any CPU.Build.0 = Debug|Any CPU
		{DF7C63AB-8CB0-4A89-A7F6-F5B90FA078C9}.Debug|Any CPU.Deploy.0 = Debug|Any CPU
		{DF7C63AB-8CB0-4A89-A7F6-F5B90FA078C9}.Debug|ARM.ActiveCfg = Debug|Any CPU
		{DF7C63AB-8CB0-4A89-A7F6-F5B90FA078C9}.Debug|ARM.Build.0 = Debug|Any CPU
		{DF7C63AB-8CB0-4A89-A7F6-F5B90FA078C9}.Debug|ARM.Deploy.0 = Debug|Any CPU
		{DF7C63AB-8CB0-4A89-A7F6-F5B90FA078C9}.Debug|iPhone.ActiveCfg = Debug|Any CPU
		{DF7C63AB-8CB0-4A89-A7F6-F5B90FA078C9}.Debug|iPhone.Build.0 = Debug|Any CPU
		{DF7C63AB-8CB0-4A89-A7F6-F5B90FA078C9}.Debug|iPhone.Deploy.0 = Debug|Any CPU
		{DF7C63AB-8CB0-4A89-A7F6-F5B90FA078C9}.Debug|iPhoneSimulator.ActiveCfg = Debug|Any CPU
		{DF7C63AB-8CB0-4A89-A7F6-F5B90FA078C9}.Debug|iPhoneSimulator.Build.0 = Debug|Any CPU
		{DF7C63AB-8CB0-4A89-A7F6-F5B90FA078C9}.Debug|iPhoneSimulator.Deploy.0 = Debug|Any CPU
		{DF7C63AB-8CB0-4A89-A7F6-F5B90FA078C9}.Debug|x64.ActiveCfg = Debug|Any CPU
		{DF7C63AB-8CB0-4A89-A7F6-F5B90FA078C9}.Debug|x64.Build.0 = Debug|Any CPU
		{DF7C63AB-8CB0-4A89-A7F6-F5B90FA078C9}.Debug|x64.Deploy.0 = Debug|Any CPU
		{DF7C63AB-8CB0-4A89-A7F6-F5B90FA078C9}.Debug|x86.ActiveCfg = Debug|Any CPU
		{DF7C63AB-8CB0-4A89-A7F6-F5B90FA078C9}.Debug|x86.Build.0 = Debug|Any CPU
		{DF7C63AB-8CB0-4A89-A7F6-F5B90FA078C9}.Debug|x86.Deploy.0 = Debug|Any CPU
		{DF7C63AB-8CB0-4A89-A7F6-F5B90FA078C9}.Release|Any CPU.ActiveCfg = Release|Any CPU
		{DF7C63AB-8CB0-4A89-A7F6-F5B90FA078C9}.Release|Any CPU.Build.0 = Release|Any CPU
		{DF7C63AB-8CB0-4A89-A7F6-F5B90FA078C9}.Release|Any CPU.Deploy.0 = Release|Any CPU
		{DF7C63AB-8CB0-4A89-A7F6-F5B90FA078C9}.Release|ARM.ActiveCfg = Release|Any CPU
		{DF7C63AB-8CB0-4A89-A7F6-F5B90FA078C9}.Release|ARM.Build.0 = Release|Any CPU
		{DF7C63AB-8CB0-4A89-A7F6-F5B90FA078C9}.Release|ARM.Deploy.0 = Release|Any CPU
		{DF7C63AB-8CB0-4A89-A7F6-F5B90FA078C9}.Release|iPhone.ActiveCfg = Release|Any CPU
		{DF7C63AB-8CB0-4A89-A7F6-F5B90FA078C9}.Release|iPhone.Build.0 = Release|Any CPU
		{DF7C63AB-8CB0-4A89-A7F6-F5B90FA078C9}.Release|iPhone.Deploy.0 = Release|Any CPU
		{DF7C63AB-8CB0-4A89-A7F6-F5B90FA078C9}.Release|iPhoneSimulator.ActiveCfg = Release|Any CPU
		{DF7C63AB-8CB0-4A89-A7F6-F5B90FA078C9}.Release|iPhoneSimulator.Build.0 = Release|Any CPU
		{DF7C63AB-8CB0-4A89-A7F6-F5B90FA078C9}.Release|iPhoneSimulator.Deploy.0 = Release|Any CPU
		{DF7C63AB-8CB0-4A89-A7F6-F5B90FA078C9}.Release|x64.ActiveCfg = Release|Any CPU
		{DF7C63AB-8CB0-4A89-A7F6-F5B90FA078C9}.Release|x64.Build.0 = Release|Any CPU
		{DF7C63AB-8CB0-4A89-A7F6-F5B90FA078C9}.Release|x64.Deploy.0 = Release|Any CPU
		{DF7C63AB-8CB0-4A89-A7F6-F5B90FA078C9}.Release|x86.ActiveCfg = Release|Any CPU
		{DF7C63AB-8CB0-4A89-A7F6-F5B90FA078C9}.Release|x86.Build.0 = Release|Any CPU
		{DF7C63AB-8CB0-4A89-A7F6-F5B90FA078C9}.Release|x86.Deploy.0 = Release|Any CPU
	EndGlobalSection
	GlobalSection(SolutionProperties) = preSolution
		HideSolutionNode = FALSE
	EndGlobalSection
	GlobalSection(ExtensibilityGlobals) = postSolution
		SolutionGuid = {99D1C239-F959-4A42-A366-9F3A6E3871B4}
	EndGlobalSection
EndGlobal
